
Microsoft Visual Studio Solution File, Format Version 12.00
# Visual Studio Version 17
VisualStudioVersion = 17.9.34622.214
MinimumVisualStudioVersion = 10.0.40219.1
Project("{FAE04EC0-301F-11D3-BF4B-00C04F79EFBC}") = "01.ReverseStrings", "01.ReverseStrings\01.ReverseStrings.csproj", "{935CA73B-EE59-4502-87F9-75F1B24D4495}"
EndProject
Project("{FAE04EC0-301F-11D3-BF4B-00C04F79EFBC}") = "02.RepeatStrings", "02.RepeatStrings\02.RepeatStrings.csproj", "{D6413836-D617-4F36-86C0-5E9C8A6A7447}"
EndProject
Project("{FAE04EC0-301F-11D3-BF4B-00C04F79EFBC}") = "03.Substring", "03.Substring\03.Substring.csproj", "{13983774-51A7-4C27-A242-5D4224F472AF}"
EndProject
Project("{FAE04EC0-301F-11D3-BF4B-00C04F79EFBC}") = "04.TextFilter", "04.TextFilter\04.TextFilter.csproj", "{1355E673-5A0C-4492-B7C9-01620EEDA59A}"
EndProject
Project("{FAE04EC0-301F-11D3-BF4B-00C04F79EFBC}") = "05.Digits,LettersAndOther", "05.Digits,LettersAndOther\05.Digits,LettersAndOther.csproj", "{3CC47235-5DF2-4146-9A53-93FADFE5F5E0}"
EndProject
Global
	GlobalSection(SolutionConfigurationPlatforms) = preSolution
		Debug|Any CPU = Debug|Any CPU
		Release|Any CPU = Release|Any CPU
	EndGlobalSection
	GlobalSection(ProjectConfigurationPlatforms) = postSolution
		{935CA73B-EE59-4502-87F9-75F1B24D4495}.Debug|Any CPU.ActiveCfg = Debug|Any CPU
		{935CA73B-EE59-4502-87F9-75F1B24D4495}.Debug|Any CPU.Build.0 = Debug|Any CPU
		{935CA73B-EE59-4502-87F9-75F1B24D4495}.Release|Any CPU.ActiveCfg = Release|Any CPU
		{935CA73B-EE59-4502-87F9-75F1B24D4495}.Release|Any CPU.Build.0 = Release|Any CPU
		{D6413836-D617-4F36-86C0-5E9C8A6A7447}.Debug|Any CPU.ActiveCfg = Debug|Any CPU
		{D6413836-D617-4F36-86C0-5E9C8A6A7447}.Debug|Any CPU.Build.0 = Debug|Any CPU
		{D6413836-D617-4F36-86C0-5E9C8A6A7447}.Release|Any CPU.ActiveCfg = Release|Any CPU
		{D6413836-D617-4F36-86C0-5E9C8A6A7447}.Release|Any CPU.Build.0 = Release|Any CPU
		{13983774-51A7-4C27-A242-5D4224F472AF}.Debug|Any CPU.ActiveCfg = Debug|Any CPU
		{13983774-51A7-4C27-A242-5D4224F472AF}.Debug|Any CPU.Build.0 = Debug|Any CPU
		{13983774-51A7-4C27-A242-5D4224F472AF}.Release|Any CPU.ActiveCfg = Release|Any CPU
		{13983774-51A7-4C27-A242-5D4224F472AF}.Release|Any CPU.Build.0 = Release|Any CPU
		{1355E673-5A0C-4492-B7C9-01620EEDA59A}.Debug|Any CPU.ActiveCfg = Debug|Any CPU
		{1355E673-5A0C-4492-B7C9-01620EEDA59A}.Debug|Any CPU.Build.0 = Debug|Any CPU
		{1355E673-5A0C-4492-B7C9-01620EEDA59A}.Release|Any CPU.ActiveCfg = Release|Any CPU
		{1355E673-5A0C-4492-B7C9-01620EEDA59A}.Release|Any CPU.Build.0 = Release|Any CPU
		{3CC47235-5DF2-4146-9A53-93FADFE5F5E0}.Debug|Any CPU.ActiveCfg = Debug|Any CPU
		{3CC47235-5DF2-4146-9A53-93FADFE5F5E0}.Debug|Any CPU.Build.0 = Debug|Any CPU
		{3CC47235-5DF2-4146-9A53-93FADFE5F5E0}.Release|Any CPU.ActiveCfg = Release|Any CPU
		{3CC47235-5DF2-4146-9A53-93FADFE5F5E0}.Release|Any CPU.Build.0 = Release|Any CPU
	EndGlobalSection
	GlobalSection(SolutionProperties) = preSolution
		HideSolutionNode = FALSE
	EndGlobalSection
	GlobalSection(ExtensibilityGlobals) = postSolution
		SolutionGuid = {A2BF841D-B4EA-4E6B-99B3-DABF7CCBF464}
	EndGlobalSection
EndGlobal
