
Microsoft Visual Studio Solution File, Format Version 12.00
# Visual Studio Version 17
VisualStudioVersion = 17.9.34622.214
MinimumVisualStudioVersion = 10.0.40219.1
Project("{FAE04EC0-301F-11D3-BF4B-00C04F79EFBC}") = "Shapes", "Shapes\Shapes.csproj", "{E7982B84-DA3B-4D48-A9D1-E4DC621AE6AF}"
EndProject
Project("{FAE04EC0-301F-11D3-BF4B-00C04F79EFBC}") = "Cars", "Cars\Cars.csproj", "{CD34CD9F-4A45-4580-8DA6-72749BCE9F41}"
EndProject
Global
	GlobalSection(SolutionConfigurationPlatforms) = preSolution
		Debug|Any CPU = Debug|Any CPU
		Release|Any CPU = Release|Any CPU
	EndGlobalSection
	GlobalSection(ProjectConfigurationPlatforms) = postSolution
		{E7982B84-DA3B-4D48-A9D1-E4DC621AE6AF}.Debug|Any CPU.ActiveCfg = Debug|Any CPU
		{E7982B84-DA3B-4D48-A9D1-E4DC621AE6AF}.Debug|Any CPU.Build.0 = Debug|Any CPU
		{E7982B84-DA3B-4D48-A9D1-E4DC621AE6AF}.Release|Any CPU.ActiveCfg = Release|Any CPU
		{E7982B84-DA3B-4D48-A9D1-E4DC621AE6AF}.Release|Any CPU.Build.0 = Release|Any CPU
		{CD34CD9F-4A45-4580-8DA6-72749BCE9F41}.Debug|Any CPU.ActiveCfg = Debug|Any CPU
		{CD34CD9F-4A45-4580-8DA6-72749BCE9F41}.Debug|Any CPU.Build.0 = Debug|Any CPU
		{CD34CD9F-4A45-4580-8DA6-72749BCE9F41}.Release|Any CPU.ActiveCfg = Release|Any CPU
		{CD34CD9F-4A45-4580-8DA6-72749BCE9F41}.Release|Any CPU.Build.0 = Release|Any CPU
	EndGlobalSection
	GlobalSection(SolutionProperties) = preSolution
		HideSolutionNode = FALSE
	EndGlobalSection
	GlobalSection(ExtensibilityGlobals) = postSolution
		SolutionGuid = {D86F2D37-83E3-42B1-A114-D0B7B8396AEC}
	EndGlobalSection
EndGlobal
