
Microsoft Visual Studio Solution File, Format Version 12.00
# Visual Studio Version 17
VisualStudioVersion = 17.7.34221.43
MinimumVisualStudioVersion = 10.0.40219.1
Project("{9A19103F-16F7-4668-BE54-9A1E7A4F7556}") = "01.DayOfWeek", "01.DayOfWeek\01.DayOfWeek.csproj", "{A48AB3CE-280E-478F-B165-BD259E8DA945}"
EndProject
Project("{9A19103F-16F7-4668-BE54-9A1E7A4F7556}") = "02.WeekendOrWorkingDay", "02.WeekendOrWorkingDay\02.WeekendOrWorkingDay.csproj", "{25F88325-CFE4-4DF5-B59F-88F325569A65}"
EndProject
Project("{9A19103F-16F7-4668-BE54-9A1E7A4F7556}") = "03.AnimalType", "03.AnimalType\03.AnimalType.csproj", "{A1728656-01EE-49E3-83AF-67F65E3A430F}"
EndProject
Project("{9A19103F-16F7-4668-BE54-9A1E7A4F7556}") = "04.PersonalTitles", "04.PersonalTitles\04.PersonalTitles.csproj", "{A940A1CA-25B4-4FED-8E94-F3D883A175DE}"
EndProject
Project("{9A19103F-16F7-4668-BE54-9A1E7A4F7556}") = "05.SmallShop", "05.SmallShop\05.SmallShop.csproj", "{F96E21CB-D81C-4212-97E3-5A233F7A38AF}"
EndProject
Project("{9A19103F-16F7-4668-BE54-9A1E7A4F7556}") = "06.NumberInRange", "06.NumberInRange\06.NumberInRange.csproj", "{7A0B6C10-F978-4A82-9444-439773A050BE}"
EndProject
Project("{9A19103F-16F7-4668-BE54-9A1E7A4F7556}") = "07.WorkingHours", "07.WorkingHours\07.WorkingHours.csproj", "{2B664DFD-451A-4455-970C-12DA1DCA6FE6}"
EndProject
Project("{9A19103F-16F7-4668-BE54-9A1E7A4F7556}") = "08.CinemaTicket", "08.CinemaTicket\08.CinemaTicket.csproj", "{856D66E8-848E-436D-B01A-431F0771E3AF}"
EndProject
Project("{9A19103F-16F7-4668-BE54-9A1E7A4F7556}") = "09.FruitOrVegetable", "09.FruitOrVegetable\09.FruitOrVegetable.csproj", "{BD3934EF-34A6-4529-94E3-74ADCC9289C3}"
EndProject
Project("{9A19103F-16F7-4668-BE54-9A1E7A4F7556}") = "10.InvalidNumber", "10.InvalidNumber\10.InvalidNumber.csproj", "{470F9DF5-85CE-43C6-8D07-510C931A1AD6}"
EndProject
Project("{FAE04EC0-301F-11D3-BF4B-00C04F79EFBC}") = "11.FruitShop", "11.FruitShop\11.FruitShop.csproj", "{5CA35D3A-BCB1-499E-84AE-CC5A0E4DA6D9}"
EndProject
Project("{FAE04EC0-301F-11D3-BF4B-00C04F79EFBC}") = "12.TradeCommissions", "12.TradeCommissions\12.TradeCommissions.csproj", "{235A542A-9FEA-4B45-A096-7108BB768447}"
EndProject
Global
	GlobalSection(SolutionConfigurationPlatforms) = preSolution
		Debug|Any CPU = Debug|Any CPU
		Release|Any CPU = Release|Any CPU
	EndGlobalSection
	GlobalSection(ProjectConfigurationPlatforms) = postSolution
		{A48AB3CE-280E-478F-B165-BD259E8DA945}.Debug|Any CPU.ActiveCfg = Debug|Any CPU
		{A48AB3CE-280E-478F-B165-BD259E8DA945}.Debug|Any CPU.Build.0 = Debug|Any CPU
		{A48AB3CE-280E-478F-B165-BD259E8DA945}.Release|Any CPU.ActiveCfg = Release|Any CPU
		{A48AB3CE-280E-478F-B165-BD259E8DA945}.Release|Any CPU.Build.0 = Release|Any CPU
		{25F88325-CFE4-4DF5-B59F-88F325569A65}.Debug|Any CPU.ActiveCfg = Debug|Any CPU
		{25F88325-CFE4-4DF5-B59F-88F325569A65}.Debug|Any CPU.Build.0 = Debug|Any CPU
		{25F88325-CFE4-4DF5-B59F-88F325569A65}.Release|Any CPU.ActiveCfg = Release|Any CPU
		{25F88325-CFE4-4DF5-B59F-88F325569A65}.Release|Any CPU.Build.0 = Release|Any CPU
		{A1728656-01EE-49E3-83AF-67F65E3A430F}.Debug|Any CPU.ActiveCfg = Debug|Any CPU
		{A1728656-01EE-49E3-83AF-67F65E3A430F}.Debug|Any CPU.Build.0 = Debug|Any CPU
		{A1728656-01EE-49E3-83AF-67F65E3A430F}.Release|Any CPU.ActiveCfg = Release|Any CPU
		{A1728656-01EE-49E3-83AF-67F65E3A430F}.Release|Any CPU.Build.0 = Release|Any CPU
		{A940A1CA-25B4-4FED-8E94-F3D883A175DE}.Debug|Any CPU.ActiveCfg = Debug|Any CPU
		{A940A1CA-25B4-4FED-8E94-F3D883A175DE}.Debug|Any CPU.Build.0 = Debug|Any CPU
		{A940A1CA-25B4-4FED-8E94-F3D883A175DE}.Release|Any CPU.ActiveCfg = Release|Any CPU
		{A940A1CA-25B4-4FED-8E94-F3D883A175DE}.Release|Any CPU.Build.0 = Release|Any CPU
		{F96E21CB-D81C-4212-97E3-5A233F7A38AF}.Debug|Any CPU.ActiveCfg = Debug|Any CPU
		{F96E21CB-D81C-4212-97E3-5A233F7A38AF}.Debug|Any CPU.Build.0 = Debug|Any CPU
		{F96E21CB-D81C-4212-97E3-5A233F7A38AF}.Release|Any CPU.ActiveCfg = Release|Any CPU
		{F96E21CB-D81C-4212-97E3-5A233F7A38AF}.Release|Any CPU.Build.0 = Release|Any CPU
		{7A0B6C10-F978-4A82-9444-439773A050BE}.Debug|Any CPU.ActiveCfg = Debug|Any CPU
		{7A0B6C10-F978-4A82-9444-439773A050BE}.Debug|Any CPU.Build.0 = Debug|Any CPU
		{7A0B6C10-F978-4A82-9444-439773A050BE}.Release|Any CPU.ActiveCfg = Release|Any CPU
		{7A0B6C10-F978-4A82-9444-439773A050BE}.Release|Any CPU.Build.0 = Release|Any CPU
		{2B664DFD-451A-4455-970C-12DA1DCA6FE6}.Debug|Any CPU.ActiveCfg = Debug|Any CPU
		{2B664DFD-451A-4455-970C-12DA1DCA6FE6}.Debug|Any CPU.Build.0 = Debug|Any CPU
		{2B664DFD-451A-4455-970C-12DA1DCA6FE6}.Release|Any CPU.ActiveCfg = Release|Any CPU
		{2B664DFD-451A-4455-970C-12DA1DCA6FE6}.Release|Any CPU.Build.0 = Release|Any CPU
		{856D66E8-848E-436D-B01A-431F0771E3AF}.Debug|Any CPU.ActiveCfg = Debug|Any CPU
		{856D66E8-848E-436D-B01A-431F0771E3AF}.Debug|Any CPU.Build.0 = Debug|Any CPU
		{856D66E8-848E-436D-B01A-431F0771E3AF}.Release|Any CPU.ActiveCfg = Release|Any CPU
		{856D66E8-848E-436D-B01A-431F0771E3AF}.Release|Any CPU.Build.0 = Release|Any CPU
		{BD3934EF-34A6-4529-94E3-74ADCC9289C3}.Debug|Any CPU.ActiveCfg = Debug|Any CPU
		{BD3934EF-34A6-4529-94E3-74ADCC9289C3}.Debug|Any CPU.Build.0 = Debug|Any CPU
		{BD3934EF-34A6-4529-94E3-74ADCC9289C3}.Release|Any CPU.ActiveCfg = Release|Any CPU
		{BD3934EF-34A6-4529-94E3-74ADCC9289C3}.Release|Any CPU.Build.0 = Release|Any CPU
		{470F9DF5-85CE-43C6-8D07-510C931A1AD6}.Debug|Any CPU.ActiveCfg = Debug|Any CPU
		{470F9DF5-85CE-43C6-8D07-510C931A1AD6}.Debug|Any CPU.Build.0 = Debug|Any CPU
		{470F9DF5-85CE-43C6-8D07-510C931A1AD6}.Release|Any CPU.ActiveCfg = Release|Any CPU
		{470F9DF5-85CE-43C6-8D07-510C931A1AD6}.Release|Any CPU.Build.0 = Release|Any CPU
		{5CA35D3A-BCB1-499E-84AE-CC5A0E4DA6D9}.Debug|Any CPU.ActiveCfg = Debug|Any CPU
		{5CA35D3A-BCB1-499E-84AE-CC5A0E4DA6D9}.Debug|Any CPU.Build.0 = Debug|Any CPU
		{5CA35D3A-BCB1-499E-84AE-CC5A0E4DA6D9}.Release|Any CPU.ActiveCfg = Release|Any CPU
		{5CA35D3A-BCB1-499E-84AE-CC5A0E4DA6D9}.Release|Any CPU.Build.0 = Release|Any CPU
		{235A542A-9FEA-4B45-A096-7108BB768447}.Debug|Any CPU.ActiveCfg = Debug|Any CPU
		{235A542A-9FEA-4B45-A096-7108BB768447}.Debug|Any CPU.Build.0 = Debug|Any CPU
		{235A542A-9FEA-4B45-A096-7108BB768447}.Release|Any CPU.ActiveCfg = Release|Any CPU
		{235A542A-9FEA-4B45-A096-7108BB768447}.Release|Any CPU.Build.0 = Release|Any CPU
	EndGlobalSection
	GlobalSection(SolutionProperties) = preSolution
		HideSolutionNode = FALSE
	EndGlobalSection
	GlobalSection(ExtensibilityGlobals) = postSolution
		SolutionGuid = {82DE1FB9-5B62-493E-B681-2F38E3049D2A}
	EndGlobalSection
EndGlobal
