
Microsoft Visual Studio Solution File, Format Version 12.00
# Visual Studio Version 17
VisualStudioVersion = 17.7.34221.43
MinimumVisualStudioVersion = 10.0.40219.1
Project("{FAE04EC0-301F-11D3-BF4B-00C04F79EFBC}") = "Test1", "Test1\Test1.csproj", "{BF16703C-3D7E-4D10-9803-BB3F704E55C2}"
EndProject
Global
	GlobalSection(SolutionConfigurationPlatforms) = preSolution
		Debug|Any CPU = Debug|Any CPU
		Release|Any CPU = Release|Any CPU
	EndGlobalSection
	GlobalSection(ProjectConfigurationPlatforms) = postSolution
		{BF16703C-3D7E-4D10-9803-BB3F704E55C2}.Debug|Any CPU.ActiveCfg = Debug|Any CPU
		{BF16703C-3D7E-4D10-9803-BB3F704E55C2}.Debug|Any CPU.Build.0 = Debug|Any CPU
		{BF16703C-3D7E-4D10-9803-BB3F704E55C2}.Release|Any CPU.ActiveCfg = Release|Any CPU
		{BF16703C-3D7E-4D10-9803-BB3F704E55C2}.Release|Any CPU.Build.0 = Release|Any CPU
	EndGlobalSection
	GlobalSection(SolutionProperties) = preSolution
		HideSolutionNode = FALSE
	EndGlobalSection
	GlobalSection(ExtensibilityGlobals) = postSolution
		SolutionGuid = {691C9DC5-A92F-420F-83D8-15136B4AD670}
	EndGlobalSection
EndGlobal
