
Microsoft Visual Studio Solution File, Format Version 12.00
# Visual Studio Version 17
VisualStudioVersion = 17.9.34622.214
MinimumVisualStudioVersion = 10.0.40219.1
Project("{FAE04EC0-301F-11D3-BF4B-00C04F79EFBC}") = "CarManufacturer", "CarManufacturer\CarManufacturer.csproj", "{5939E305-B267-4BA9-B937-2A8D78A18208}"
EndProject
Global
	GlobalSection(SolutionConfigurationPlatforms) = preSolution
		Debug|Any CPU = Debug|Any CPU
		Release|Any CPU = Release|Any CPU
	EndGlobalSection
	GlobalSection(ProjectConfigurationPlatforms) = postSolution
		{5939E305-B267-4BA9-B937-2A8D78A18208}.Debug|Any CPU.ActiveCfg = Debug|Any CPU
		{5939E305-B267-4BA9-B937-2A8D78A18208}.Debug|Any CPU.Build.0 = Debug|Any CPU
		{5939E305-B267-4BA9-B937-2A8D78A18208}.Release|Any CPU.ActiveCfg = Release|Any CPU
		{5939E305-B267-4BA9-B937-2A8D78A18208}.Release|Any CPU.Build.0 = Release|Any CPU
	EndGlobalSection
	GlobalSection(SolutionProperties) = preSolution
		HideSolutionNode = FALSE
	EndGlobalSection
	GlobalSection(ExtensibilityGlobals) = postSolution
		SolutionGuid = {AF1A93B8-6E0A-4E70-BE93-5551C54E7D87}
	EndGlobalSection
EndGlobal
