
Microsoft Visual Studio Solution File, Format Version 12.00
# Visual Studio Version 17
VisualStudioVersion = 17.9.34622.214
MinimumVisualStudioVersion = 10.0.40219.1
Project("{9A19103F-16F7-4668-BE54-9A1E7A4F7556}") = "PersonInfo", "InterfacesAndAbstraction-Exercise\PersonInfo.csproj", "{493ECA72-09FF-4AC6-BD92-1D552F1E38EC}"
EndProject
Project("{9A19103F-16F7-4668-BE54-9A1E7A4F7556}") = "Telephony", "Telephony\Telephony.csproj", "{444FBAA8-F3E9-404D-B4EE-A248DAB74D73}"
EndProject
Project("{9A19103F-16F7-4668-BE54-9A1E7A4F7556}") = "BorderControl", "BorderControl\BorderControl.csproj", "{F5DAF2A4-6E6A-414F-858D-FA64C0B31FDA}"
EndProject
Project("{FAE04EC0-301F-11D3-BF4B-00C04F79EFBC}") = "BirthdayCelebrations", "BirthdayCelebrations\BirthdayCelebrations.csproj", "{757A8645-6795-4AAC-AADF-6D5ED158BADF}"
EndProject
Project("{FAE04EC0-301F-11D3-BF4B-00C04F79EFBC}") = "FoodShortage", "FoodShortage\FoodShortage.csproj", "{0EF0A28B-4A61-426F-8769-3B6249222F4A}"
EndProject
Global
	GlobalSection(SolutionConfigurationPlatforms) = preSolution
		Debug|Any CPU = Debug|Any CPU
		Release|Any CPU = Release|Any CPU
	EndGlobalSection
	GlobalSection(ProjectConfigurationPlatforms) = postSolution
		{493ECA72-09FF-4AC6-BD92-1D552F1E38EC}.Debug|Any CPU.ActiveCfg = Debug|Any CPU
		{493ECA72-09FF-4AC6-BD92-1D552F1E38EC}.Debug|Any CPU.Build.0 = Debug|Any CPU
		{493ECA72-09FF-4AC6-BD92-1D552F1E38EC}.Release|Any CPU.ActiveCfg = Release|Any CPU
		{493ECA72-09FF-4AC6-BD92-1D552F1E38EC}.Release|Any CPU.Build.0 = Release|Any CPU
		{444FBAA8-F3E9-404D-B4EE-A248DAB74D73}.Debug|Any CPU.ActiveCfg = Debug|Any CPU
		{444FBAA8-F3E9-404D-B4EE-A248DAB74D73}.Debug|Any CPU.Build.0 = Debug|Any CPU
		{444FBAA8-F3E9-404D-B4EE-A248DAB74D73}.Release|Any CPU.ActiveCfg = Release|Any CPU
		{444FBAA8-F3E9-404D-B4EE-A248DAB74D73}.Release|Any CPU.Build.0 = Release|Any CPU
		{F5DAF2A4-6E6A-414F-858D-FA64C0B31FDA}.Debug|Any CPU.ActiveCfg = Debug|Any CPU
		{F5DAF2A4-6E6A-414F-858D-FA64C0B31FDA}.Debug|Any CPU.Build.0 = Debug|Any CPU
		{F5DAF2A4-6E6A-414F-858D-FA64C0B31FDA}.Release|Any CPU.ActiveCfg = Release|Any CPU
		{F5DAF2A4-6E6A-414F-858D-FA64C0B31FDA}.Release|Any CPU.Build.0 = Release|Any CPU
		{757A8645-6795-4AAC-AADF-6D5ED158BADF}.Debug|Any CPU.ActiveCfg = Debug|Any CPU
		{757A8645-6795-4AAC-AADF-6D5ED158BADF}.Debug|Any CPU.Build.0 = Debug|Any CPU
		{757A8645-6795-4AAC-AADF-6D5ED158BADF}.Release|Any CPU.ActiveCfg = Release|Any CPU
		{757A8645-6795-4AAC-AADF-6D5ED158BADF}.Release|Any CPU.Build.0 = Release|Any CPU
		{0EF0A28B-4A61-426F-8769-3B6249222F4A}.Debug|Any CPU.ActiveCfg = Debug|Any CPU
		{0EF0A28B-4A61-426F-8769-3B6249222F4A}.Debug|Any CPU.Build.0 = Debug|Any CPU
		{0EF0A28B-4A61-426F-8769-3B6249222F4A}.Release|Any CPU.ActiveCfg = Release|Any CPU
		{0EF0A28B-4A61-426F-8769-3B6249222F4A}.Release|Any CPU.Build.0 = Release|Any CPU
	EndGlobalSection
	GlobalSection(SolutionProperties) = preSolution
		HideSolutionNode = FALSE
	EndGlobalSection
	GlobalSection(ExtensibilityGlobals) = postSolution
		SolutionGuid = {4E3C01E5-9B20-4B34-AFD8-21244B669442}
	EndGlobalSection
EndGlobal
